
Microsoft Visual Studio Solution File, Format Version 12.00
# Visual Studio 15
VisualStudioVersion = 15.0.28307.852
MinimumVisualStudioVersion = 10.0.40219.1
Project("{FAE04EC0-301F-11D3-BF4B-00C04F79EFBC}") = "Opcua_client", "Opcua_client\Opcua_client.csproj", "{2F53CA00-8C25-4C4B-8BDC-90AADBF6695A}"
EndProject
Global
	GlobalSection(SolutionConfigurationPlatforms) = preSolution
		Debug|Any CPU = Debug|Any CPU
		Release|Any CPU = Release|Any CPU
	EndGlobalSection
	GlobalSection(ProjectConfigurationPlatforms) = postSolution
		{2F53CA00-8C25-4C4B-8BDC-90AADBF6695A}.Debug|Any CPU.ActiveCfg = Debug|Any CPU
		{2F53CA00-8C25-4C4B-8BDC-90AADBF6695A}.Debug|Any CPU.Build.0 = Debug|Any CPU
		{2F53CA00-8C25-4C4B-8BDC-90AADBF6695A}.Release|Any CPU.ActiveCfg = Release|Any CPU
		{2F53CA00-8C25-4C4B-8BDC-90AADBF6695A}.Release|Any CPU.Build.0 = Release|Any CPU
	EndGlobalSection
	GlobalSection(SolutionProperties) = preSolution
		HideSolutionNode = FALSE
	EndGlobalSection
	GlobalSection(ExtensibilityGlobals) = postSolution
		SolutionGuid = {7F774334-F498-40E7-9639-45EBC4A074B1}
	EndGlobalSection
EndGlobal
